{
  "name": "glue42-extension-template",
  "version": "1.0.0",
  "lockfileVersion": 1,
  "requires": true,
  "dependencies": {
    "fs-assistant": {
      "version": "0.2.3",
      "resolved": "https://repo.tick42.com:443/api/npm/tick42-npm/fs-assistant/-/fs-assistant-0.2.3.tgz",
      "integrity": "sha1-XPKa8J6XaHIutCtLW7Wk8fYlA3w="
    }
  }
}
